
Microsoft Visual Studio Solution File, Format Version 12.00
# Visual Studio Version 16
VisualStudioVersion = 16.0.31205.134
MinimumVisualStudioVersion = 10.0.40219.1
Project("{FAE04EC0-301F-11D3-BF4B-00C04F79EFBC}") = "EcommerceApp", "EcommerceApp\EcommerceApp.csproj", "{17FE7994-E3C5-41E8-AF34-D748061912DA}"
EndProject
Global
	GlobalSection(SolutionConfigurationPlatforms) = preSolution
		Debug|Any CPU = Debug|Any CPU
		Release|Any CPU = Release|Any CPU
	EndGlobalSection
	GlobalSection(ProjectConfigurationPlatforms) = postSolution
		{17FE7994-E3C5-41E8-AF34-D748061912DA}.Debug|Any CPU.ActiveCfg = Debug|Any CPU
		{17FE7994-E3C5-41E8-AF34-D748061912DA}.Debug|Any CPU.Build.0 = Debug|Any CPU
		{17FE7994-E3C5-41E8-AF34-D748061912DA}.Release|Any CPU.ActiveCfg = Release|Any CPU
		{17FE7994-E3C5-41E8-AF34-D748061912DA}.Release|Any CPU.Build.0 = Release|Any CPU
	EndGlobalSection
	GlobalSection(SolutionProperties) = preSolution
		HideSolutionNode = FALSE
	EndGlobalSection
	GlobalSection(ExtensibilityGlobals) = postSolution
		SolutionGuid = {045F6412-E917-4A13-89B6-24BEF6A19B47}
	EndGlobalSection
EndGlobal
